
Microsoft Visual Studio Solution File, Format Version 12.00
# Visual Studio Version 17
VisualStudioVersion = 17.13.35919.96
MinimumVisualStudioVersion = 10.0.40219.1
Project("{F184B08F-C81C-45F6-A57F-5ABD9991F28F}") = "Examen.Datos", "Exam.Date\Examen.Datos.vbproj", "{1186B7D9-FA9A-4CD7-A558-A643FF6C9C7F}"
EndProject
Project("{F184B08F-C81C-45F6-A57F-5ABD9991F28F}") = "Examen.Entidades", "Exam.Entities\Examen.Entidades.vbproj", "{D3920760-E0AA-4E89-B40B-CAA6B83368BC}"
EndProject
Project("{F184B08F-C81C-45F6-A57F-5ABD9991F28F}") = "Examen.Presentacion", "Examen.Presentacion\Examen.Presentacion.vbproj", "{28D18674-9674-4A78-896E-1FA789D46652}"
EndProject
Project("{F184B08F-C81C-45F6-A57F-5ABD9991F28F}") = "Examen.Logica", "Examen.Logica\Examen.Logica.vbproj", "{5B16CF20-D550-4DD1-892F-F4047B7FE5EA}"
EndProject
Global
	GlobalSection(SolutionConfigurationPlatforms) = preSolution
		Debug|Any CPU = Debug|Any CPU
		Release|Any CPU = Release|Any CPU
	EndGlobalSection
	GlobalSection(ProjectConfigurationPlatforms) = postSolution
		{1186B7D9-FA9A-4CD7-A558-A643FF6C9C7F}.Debug|Any CPU.ActiveCfg = Debug|Any CPU
		{1186B7D9-FA9A-4CD7-A558-A643FF6C9C7F}.Debug|Any CPU.Build.0 = Debug|Any CPU
		{1186B7D9-FA9A-4CD7-A558-A643FF6C9C7F}.Release|Any CPU.ActiveCfg = Release|Any CPU
		{1186B7D9-FA9A-4CD7-A558-A643FF6C9C7F}.Release|Any CPU.Build.0 = Release|Any CPU
		{D3920760-E0AA-4E89-B40B-CAA6B83368BC}.Debug|Any CPU.ActiveCfg = Debug|Any CPU
		{D3920760-E0AA-4E89-B40B-CAA6B83368BC}.Debug|Any CPU.Build.0 = Debug|Any CPU
		{D3920760-E0AA-4E89-B40B-CAA6B83368BC}.Release|Any CPU.ActiveCfg = Release|Any CPU
		{D3920760-E0AA-4E89-B40B-CAA6B83368BC}.Release|Any CPU.Build.0 = Release|Any CPU
		{28D18674-9674-4A78-896E-1FA789D46652}.Debug|Any CPU.ActiveCfg = Debug|Any CPU
		{28D18674-9674-4A78-896E-1FA789D46652}.Debug|Any CPU.Build.0 = Debug|Any CPU
		{28D18674-9674-4A78-896E-1FA789D46652}.Release|Any CPU.ActiveCfg = Release|Any CPU
		{28D18674-9674-4A78-896E-1FA789D46652}.Release|Any CPU.Build.0 = Release|Any CPU
		{5B16CF20-D550-4DD1-892F-F4047B7FE5EA}.Debug|Any CPU.ActiveCfg = Debug|Any CPU
		{5B16CF20-D550-4DD1-892F-F4047B7FE5EA}.Debug|Any CPU.Build.0 = Debug|Any CPU
		{5B16CF20-D550-4DD1-892F-F4047B7FE5EA}.Release|Any CPU.ActiveCfg = Release|Any CPU
		{5B16CF20-D550-4DD1-892F-F4047B7FE5EA}.Release|Any CPU.Build.0 = Release|Any CPU
	EndGlobalSection
	GlobalSection(SolutionProperties) = preSolution
		HideSolutionNode = FALSE
	EndGlobalSection
	GlobalSection(ExtensibilityGlobals) = postSolution
		SolutionGuid = {9711790B-E001-4F5B-937E-429306A839D0}
	EndGlobalSection
EndGlobal
